{
  "name": "tunai-build-script",
  "version": "2.0.0",
  "lockfileVersion": 3,
  "requires": true,
  "packages": {
    "": {
      "name": "tunai-build-script",
      "version": "2.0.0",
      "license": "BSD-3-Clause",
      "bin": {
        "tunai-build-script": "node/bin/tunai-build-script.mjs"
      },
      "engines": {
        "node": ">=18.0.0"
      }
    }
  }
}
